# This file is automatically @generated by Cargo.
# It is not intended for manual editing.
[[package]]
name = "atty"
version = "0.2.11"
source = "registry+https://github.com/rust-lang/crates.io-index"
dependencies = [
 "libc 0.2.58 (registry+https://github.com/rust-lang/crates.io-index)",
 "termion 1.5.2 (registry+https://github.com/rust-lang/crates.io-index)",
 "winapi 0.3.7 (registry+https://github.com/rust-lang/crates.io-index)",
]

[[package]]
name = "bytes"
version = "0.5.3"
source = "registry+https://github.com/rust-lang/crates.io-index"

[[package]]
name = "getopts"
version = "0.2.21"
source = "registry+https://github.com/rust-lang/crates.io-index"
dependencies = [
 "unicode-width 0.1.5 (registry+https://github.com/rust-lang/crates.io-index)",
]

[[package]]
name = "hexplay"
version = "0.2.1"
source = "registry+https://github.com/rust-lang/crates.io-index"
dependencies = [
 "atty 0.2.11 (registry+https://github.com/rust-lang/crates.io-index)",
 "termcolor 0.3.6 (registry+https://github.com/rust-lang/crates.io-index)",
]

[[package]]
name = "lazy_static"
version = "1.4.0"
source = "registry+https://github.com/rust-lang/crates.io-index"

[[package]]
name = "libc"
version = "0.2.58"
source = "registry+https://github.com/rust-lang/crates.io-index"

[[package]]
name = "numtoa"
version = "0.1.0"
source = "registry+https://github.com/rust-lang/crates.io-index"

[[package]]
name = "oxi"
version = "0.1.0"
dependencies = [
 "bytes 0.5.3 (registry+https://github.com/rust-lang/crates.io-index)",
 "getopts 0.2.21 (registry+https://github.com/rust-lang/crates.io-index)",
 "hexplay 0.2.1 (registry+https://github.com/rust-lang/crates.io-index)",
 "lazy_static 1.4.0 (registry+https://github.com/rust-lang/crates.io-index)",
]

[[package]]
name = "redox_syscall"
version = "0.1.54"
source = "registry+https://github.com/rust-lang/crates.io-index"

[[package]]
name = "redox_termios"
version = "0.1.1"
source = "registry+https://github.com/rust-lang/crates.io-index"
dependencies = [
 "redox_syscall 0.1.54 (registry+https://github.com/rust-lang/crates.io-index)",
]

[[package]]
name = "termcolor"
version = "0.3.6"
source = "registry+https://github.com/rust-lang/crates.io-index"
dependencies = [
 "wincolor 0.1.6 (registry+https://github.com/rust-lang/crates.io-index)",
]

[[package]]
name = "termion"
version = "1.5.2"
source = "registry+https://github.com/rust-lang/crates.io-index"
dependencies = [
 "libc 0.2.58 (registry+https://github.com/rust-lang/crates.io-index)",
 "numtoa 0.1.0 (registry+https://github.com/rust-lang/crates.io-index)",
 "redox_syscall 0.1.54 (registry+https://github.com/rust-lang/crates.io-index)",
 "redox_termios 0.1.1 (registry+https://github.com/rust-lang/crates.io-index)",
]

[[package]]
name = "unicode-width"
version = "0.1.5"
source = "registry+https://github.com/rust-lang/crates.io-index"

[[package]]
name = "winapi"
version = "0.3.7"
source = "registry+https://github.com/rust-lang/crates.io-index"
dependencies = [
 "winapi-i686-pc-windows-gnu 0.4.0 (registry+https://github.com/rust-lang/crates.io-index)",
 "winapi-x86_64-pc-windows-gnu 0.4.0 (registry+https://github.com/rust-lang/crates.io-index)",
]

[[package]]
name = "winapi-i686-pc-windows-gnu"
version = "0.4.0"
source = "registry+https://github.com/rust-lang/crates.io-index"

[[package]]
name = "winapi-x86_64-pc-windows-gnu"
version = "0.4.0"
source = "registry+https://github.com/rust-lang/crates.io-index"

[[package]]
name = "wincolor"
version = "0.1.6"
source = "registry+https://github.com/rust-lang/crates.io-index"
dependencies = [
 "winapi 0.3.7 (registry+https://github.com/rust-lang/crates.io-index)",
]

[metadata]
"checksum atty 0.2.11 (registry+https://github.com/rust-lang/crates.io-index)" = "9a7d5b8723950951411ee34d271d99dddcc2035a16ab25310ea2c8cfd4369652"
"checksum bytes 0.5.3 (registry+https://github.com/rust-lang/crates.io-index)" = "10004c15deb332055f7a4a208190aed362cf9a7c2f6ab70a305fba50e1105f38"
"checksum getopts 0.2.21 (registry+https://github.com/rust-lang/crates.io-index)" = "14dbbfd5c71d70241ecf9e6f13737f7b5ce823821063188d7e46c41d371eebd5"
"checksum hexplay 0.2.1 (registry+https://github.com/rust-lang/crates.io-index)" = "0962bea6731e28b5a443ba4aa00fe3e4fe7555dadf12012435efb738eeac5898"
"checksum lazy_static 1.4.0 (registry+https://github.com/rust-lang/crates.io-index)" = "e2abad23fbc42b3700f2f279844dc832adb2b2eb069b2df918f455c4e18cc646"
"checksum libc 0.2.58 (registry+https://github.com/rust-lang/crates.io-index)" = "6281b86796ba5e4366000be6e9e18bf35580adf9e63fbe2294aadb587613a319"
"checksum numtoa 0.1.0 (registry+https://github.com/rust-lang/crates.io-index)" = "b8f8bdf33df195859076e54ab11ee78a1b208382d3a26ec40d142ffc1ecc49ef"
"checksum redox_syscall 0.1.54 (registry+https://github.com/rust-lang/crates.io-index)" = "12229c14a0f65c4f1cb046a3b52047cdd9da1f4b30f8a39c5063c8bae515e252"
"checksum redox_termios 0.1.1 (registry+https://github.com/rust-lang/crates.io-index)" = "7e891cfe48e9100a70a3b6eb652fef28920c117d366339687bd5576160db0f76"
"checksum termcolor 0.3.6 (registry+https://github.com/rust-lang/crates.io-index)" = "adc4587ead41bf016f11af03e55a624c06568b5a19db4e90fde573d805074f83"
"checksum termion 1.5.2 (registry+https://github.com/rust-lang/crates.io-index)" = "dde0593aeb8d47accea5392b39350015b5eccb12c0d98044d856983d89548dea"
"checksum unicode-width 0.1.5 (registry+https://github.com/rust-lang/crates.io-index)" = "882386231c45df4700b275c7ff55b6f3698780a650026380e72dabe76fa46526"
"checksum winapi 0.3.7 (registry+https://github.com/rust-lang/crates.io-index)" = "f10e386af2b13e47c89e7236a7a14a086791a2b88ebad6df9bf42040195cf770"
"checksum winapi-i686-pc-windows-gnu 0.4.0 (registry+https://github.com/rust-lang/crates.io-index)" = "ac3b87c63620426dd9b991e5ce0329eff545bccbbb34f3be09ff6fb6ab51b7b6"
"checksum winapi-x86_64-pc-windows-gnu 0.4.0 (registry+https://github.com/rust-lang/crates.io-index)" = "712e227841d057c1ee1cd2fb22fa7e5a5461ae8e48fa2ca79ec42cfc1931183f"
"checksum wincolor 0.1.6 (registry+https://github.com/rust-lang/crates.io-index)" = "eeb06499a3a4d44302791052df005d5232b927ed1a9658146d842165c4de7767"
